
Microsoft Visual Studio Solution File, Format Version 12.00
# Visual Studio Version 17
VisualStudioVersion = 17.3.32825.248
MinimumVisualStudioVersion = 10.0.40219.1
Project("{FAE04EC0-301F-11D3-BF4B-00C04F79EFBC}") = "Operations", "Operations\Operations.csproj", "{68801CA0-9B4A-48B3-A059-6EBC954CA8E7}"
EndProject
Project("{FAE04EC0-301F-11D3-BF4B-00C04F79EFBC}") = "Animals", "Animals\Animals.csproj", "{9639186A-F8DF-478B-815D-8BCF5CC733C3}"
EndProject
Global
	GlobalSection(SolutionConfigurationPlatforms) = preSolution
		Debug|Any CPU = Debug|Any CPU
		Release|Any CPU = Release|Any CPU
	EndGlobalSection
	GlobalSection(ProjectConfigurationPlatforms) = postSolution
		{68801CA0-9B4A-48B3-A059-6EBC954CA8E7}.Debug|Any CPU.ActiveCfg = Debug|Any CPU
		{68801CA0-9B4A-48B3-A059-6EBC954CA8E7}.Debug|Any CPU.Build.0 = Debug|Any CPU
		{68801CA0-9B4A-48B3-A059-6EBC954CA8E7}.Release|Any CPU.ActiveCfg = Release|Any CPU
		{68801CA0-9B4A-48B3-A059-6EBC954CA8E7}.Release|Any CPU.Build.0 = Release|Any CPU
		{9639186A-F8DF-478B-815D-8BCF5CC733C3}.Debug|Any CPU.ActiveCfg = Debug|Any CPU
		{9639186A-F8DF-478B-815D-8BCF5CC733C3}.Debug|Any CPU.Build.0 = Debug|Any CPU
		{9639186A-F8DF-478B-815D-8BCF5CC733C3}.Release|Any CPU.ActiveCfg = Release|Any CPU
		{9639186A-F8DF-478B-815D-8BCF5CC733C3}.Release|Any CPU.Build.0 = Release|Any CPU
	EndGlobalSection
	GlobalSection(SolutionProperties) = preSolution
		HideSolutionNode = FALSE
	EndGlobalSection
	GlobalSection(ExtensibilityGlobals) = postSolution
		SolutionGuid = {E834C90A-8329-4270-8570-03F96F549B24}
	EndGlobalSection
EndGlobal
