
Microsoft Visual Studio Solution File, Format Version 12.00
# Visual Studio Version 17
VisualStudioVersion = 17.3.32825.248
MinimumVisualStudioVersion = 10.0.40219.1
Project("{FAE04EC0-301F-11D3-BF4B-00C04F79EFBC}") = "01. Define a Class Person", "01. Define a Class Person\01. Define a Class Person.csproj", "{DE1060DA-3A16-40CB-9136-B54725894662}"
EndProject
Project("{FAE04EC0-301F-11D3-BF4B-00C04F79EFBC}") = "02. Creating Constructors", "02. Creating Constructors\02. Creating Constructors.csproj", "{FF50957B-2CC1-44D2-969D-FAED701E1D81}"
EndProject
Project("{FAE04EC0-301F-11D3-BF4B-00C04F79EFBC}") = "03. Oldest Family Member", "03. Oldest Family Member\03. Oldest Family Member.csproj", "{697FD69A-ED9A-4EAA-90A9-A213D302CE4F}"
EndProject
Global
	GlobalSection(SolutionConfigurationPlatforms) = preSolution
		Debug|Any CPU = Debug|Any CPU
		Release|Any CPU = Release|Any CPU
	EndGlobalSection
	GlobalSection(ProjectConfigurationPlatforms) = postSolution
		{DE1060DA-3A16-40CB-9136-B54725894662}.Debug|Any CPU.ActiveCfg = Debug|Any CPU
		{DE1060DA-3A16-40CB-9136-B54725894662}.Debug|Any CPU.Build.0 = Debug|Any CPU
		{DE1060DA-3A16-40CB-9136-B54725894662}.Release|Any CPU.ActiveCfg = Release|Any CPU
		{DE1060DA-3A16-40CB-9136-B54725894662}.Release|Any CPU.Build.0 = Release|Any CPU
		{FF50957B-2CC1-44D2-969D-FAED701E1D81}.Debug|Any CPU.ActiveCfg = Debug|Any CPU
		{FF50957B-2CC1-44D2-969D-FAED701E1D81}.Debug|Any CPU.Build.0 = Debug|Any CPU
		{FF50957B-2CC1-44D2-969D-FAED701E1D81}.Release|Any CPU.ActiveCfg = Release|Any CPU
		{FF50957B-2CC1-44D2-969D-FAED701E1D81}.Release|Any CPU.Build.0 = Release|Any CPU
		{697FD69A-ED9A-4EAA-90A9-A213D302CE4F}.Debug|Any CPU.ActiveCfg = Debug|Any CPU
		{697FD69A-ED9A-4EAA-90A9-A213D302CE4F}.Debug|Any CPU.Build.0 = Debug|Any CPU
		{697FD69A-ED9A-4EAA-90A9-A213D302CE4F}.Release|Any CPU.ActiveCfg = Release|Any CPU
		{697FD69A-ED9A-4EAA-90A9-A213D302CE4F}.Release|Any CPU.Build.0 = Release|Any CPU
	EndGlobalSection
	GlobalSection(SolutionProperties) = preSolution
		HideSolutionNode = FALSE
	EndGlobalSection
	GlobalSection(ExtensibilityGlobals) = postSolution
		SolutionGuid = {21B4EFCB-4E5B-47A3-8B22-B4DA1CFF2D5E}
	EndGlobalSection
EndGlobal
