
Microsoft Visual Studio Solution File, Format Version 12.00
# Visual Studio Version 17
VisualStudioVersion = 17.4.33122.133
MinimumVisualStudioVersion = 10.0.40219.1
Project("{FAE04EC0-301F-11D3-BF4B-00C04F79EFBC}") = "ASP.NET TaskBoard App", "ASP.NET TaskBoard App\ASP.NET TaskBoard App.csproj", "{6E0A962E-8455-48F5-81CD-1277C93B3819}"
EndProject
Global
	GlobalSection(SolutionConfigurationPlatforms) = preSolution
		Debug|Any CPU = Debug|Any CPU
		Release|Any CPU = Release|Any CPU
	EndGlobalSection
	GlobalSection(ProjectConfigurationPlatforms) = postSolution
		{6E0A962E-8455-48F5-81CD-1277C93B3819}.Debug|Any CPU.ActiveCfg = Debug|Any CPU
		{6E0A962E-8455-48F5-81CD-1277C93B3819}.Debug|Any CPU.Build.0 = Debug|Any CPU
		{6E0A962E-8455-48F5-81CD-1277C93B3819}.Release|Any CPU.ActiveCfg = Release|Any CPU
		{6E0A962E-8455-48F5-81CD-1277C93B3819}.Release|Any CPU.Build.0 = Release|Any CPU
	EndGlobalSection
	GlobalSection(SolutionProperties) = preSolution
		HideSolutionNode = FALSE
	EndGlobalSection
	GlobalSection(ExtensibilityGlobals) = postSolution
		SolutionGuid = {7670B0BB-1FEA-443C-82F0-429D0BA00288}
	EndGlobalSection
EndGlobal
