
Microsoft Visual Studio Solution File, Format Version 12.00
# Visual Studio Version 16
VisualStudioVersion = 16.0.30907.101
MinimumVisualStudioVersion = 10.0.40219.1
Project("{FAE04EC0-301F-11D3-BF4B-00C04F79EFBC}") = "1to10", "1to10\1to10.csproj", "{C7AEBB10-EEF6-48EE-B454-C69C9DFB5DE8}"
EndProject
Global
	GlobalSection(SolutionConfigurationPlatforms) = preSolution
		Debug|Any CPU = Debug|Any CPU
		Release|Any CPU = Release|Any CPU
	EndGlobalSection
	GlobalSection(ProjectConfigurationPlatforms) = postSolution
		{C7AEBB10-EEF6-48EE-B454-C69C9DFB5DE8}.Debug|Any CPU.ActiveCfg = Debug|Any CPU
		{C7AEBB10-EEF6-48EE-B454-C69C9DFB5DE8}.Debug|Any CPU.Build.0 = Debug|Any CPU
		{C7AEBB10-EEF6-48EE-B454-C69C9DFB5DE8}.Release|Any CPU.ActiveCfg = Release|Any CPU
		{C7AEBB10-EEF6-48EE-B454-C69C9DFB5DE8}.Release|Any CPU.Build.0 = Release|Any CPU
	EndGlobalSection
	GlobalSection(SolutionProperties) = preSolution
		HideSolutionNode = FALSE
	EndGlobalSection
	GlobalSection(ExtensibilityGlobals) = postSolution
		SolutionGuid = {215A599A-3EA0-4B01-86F7-A5E360BA3A35}
	EndGlobalSection
EndGlobal
