
Microsoft Visual Studio Solution File, Format Version 12.00
# Visual Studio Version 17
VisualStudioVersion = 17.4.33122.133
MinimumVisualStudioVersion = 10.0.40219.1
Project("{FAE04EC0-301F-11D3-BF4B-00C04F79EFBC}") = "ASP.NET Identity", "ASP.NET Identity\ASP.NET Identity.csproj", "{186F29FA-B670-4CF9-852E-BF6CF3F777B1}"
EndProject
Global
	GlobalSection(SolutionConfigurationPlatforms) = preSolution
		Debug|Any CPU = Debug|Any CPU
		Release|Any CPU = Release|Any CPU
	EndGlobalSection
	GlobalSection(ProjectConfigurationPlatforms) = postSolution
		{186F29FA-B670-4CF9-852E-BF6CF3F777B1}.Debug|Any CPU.ActiveCfg = Debug|Any CPU
		{186F29FA-B670-4CF9-852E-BF6CF3F777B1}.Debug|Any CPU.Build.0 = Debug|Any CPU
		{186F29FA-B670-4CF9-852E-BF6CF3F777B1}.Release|Any CPU.ActiveCfg = Release|Any CPU
		{186F29FA-B670-4CF9-852E-BF6CF3F777B1}.Release|Any CPU.Build.0 = Release|Any CPU
	EndGlobalSection
	GlobalSection(SolutionProperties) = preSolution
		HideSolutionNode = FALSE
	EndGlobalSection
	GlobalSection(ExtensibilityGlobals) = postSolution
		SolutionGuid = {7E6193F2-BB6D-4D39-995C-79E02DEA9FC7}
	EndGlobalSection
EndGlobal
