
Microsoft Visual Studio Solution File, Format Version 12.00
# Visual Studio Version 17
VisualStudioVersion = 17.3.32825.248
MinimumVisualStudioVersion = 10.0.40219.1
Project("{FAE04EC0-301F-11D3-BF4B-00C04F79EFBC}") = "01.DefineAnInterfaceIPerson", "01.DefineAnInterfaceIPerson\01.DefineAnInterfaceIPerson.csproj", "{CE589402-4F48-419F-9FDD-6DFA5D79AC92}"
EndProject
Global
	GlobalSection(SolutionConfigurationPlatforms) = preSolution
		Debug|Any CPU = Debug|Any CPU
		Release|Any CPU = Release|Any CPU
	EndGlobalSection
	GlobalSection(ProjectConfigurationPlatforms) = postSolution
		{CE589402-4F48-419F-9FDD-6DFA5D79AC92}.Debug|Any CPU.ActiveCfg = Debug|Any CPU
		{CE589402-4F48-419F-9FDD-6DFA5D79AC92}.Debug|Any CPU.Build.0 = Debug|Any CPU
		{CE589402-4F48-419F-9FDD-6DFA5D79AC92}.Release|Any CPU.ActiveCfg = Release|Any CPU
		{CE589402-4F48-419F-9FDD-6DFA5D79AC92}.Release|Any CPU.Build.0 = Release|Any CPU
	EndGlobalSection
	GlobalSection(SolutionProperties) = preSolution
		HideSolutionNode = FALSE
	EndGlobalSection
	GlobalSection(ExtensibilityGlobals) = postSolution
		SolutionGuid = {428CB7D5-C0C0-463D-BE53-D168B716B3D5}
	EndGlobalSection
EndGlobal
