
Microsoft Visual Studio Solution File, Format Version 12.00
# Visual Studio Version 17
VisualStudioVersion = 17.3.32825.248
MinimumVisualStudioVersion = 10.0.40219.1
Project("{9A19103F-16F7-4668-BE54-9A1E7A4F7556}") = "01.DefineAnInterfaceIPerson", "01.DefineAnInterfaceIPerson\01.DefineAnInterfaceIPerson.csproj", "{CE589402-4F48-419F-9FDD-6DFA5D79AC92}"
EndProject
Project("{9A19103F-16F7-4668-BE54-9A1E7A4F7556}") = "02.Multipl Implementation", "02.Multipl Implementation\02.Multipl Implementation.csproj", "{DCC5DDD5-9F40-4EE7-98DF-44533CC3483D}"
EndProject
Project("{9A19103F-16F7-4668-BE54-9A1E7A4F7556}") = "03.Telephony", "03.Telephony\03.Telephony.csproj", "{7EF84EC1-7986-47D9-8443-D05BE33B4DFA}"
EndProject
Project("{9A19103F-16F7-4668-BE54-9A1E7A4F7556}") = "04.BorderControl", "04.BorderControl\04.BorderControl.csproj", "{3EA895B0-1110-452F-9203-DB5D94035E49}"
EndProject
Project("{FAE04EC0-301F-11D3-BF4B-00C04F79EFBC}") = "05.BirthdayCelebrations", "05.BirthdayCelebrations\05.BirthdayCelebrations.csproj", "{6759C5C4-1E01-4ACF-B2D7-B1FD86F77E3A}"
EndProject
Project("{FAE04EC0-301F-11D3-BF4B-00C04F79EFBC}") = "06.FoodShortage", "06.FoodShortage\06.FoodShortage.csproj", "{0D916E3E-148F-4927-B403-D5451C5A5CDC}"
EndProject
Global
	GlobalSection(SolutionConfigurationPlatforms) = preSolution
		Debug|Any CPU = Debug|Any CPU
		Release|Any CPU = Release|Any CPU
	EndGlobalSection
	GlobalSection(ProjectConfigurationPlatforms) = postSolution
		{CE589402-4F48-419F-9FDD-6DFA5D79AC92}.Debug|Any CPU.ActiveCfg = Debug|Any CPU
		{CE589402-4F48-419F-9FDD-6DFA5D79AC92}.Debug|Any CPU.Build.0 = Debug|Any CPU
		{CE589402-4F48-419F-9FDD-6DFA5D79AC92}.Release|Any CPU.ActiveCfg = Release|Any CPU
		{CE589402-4F48-419F-9FDD-6DFA5D79AC92}.Release|Any CPU.Build.0 = Release|Any CPU
		{DCC5DDD5-9F40-4EE7-98DF-44533CC3483D}.Debug|Any CPU.ActiveCfg = Debug|Any CPU
		{DCC5DDD5-9F40-4EE7-98DF-44533CC3483D}.Debug|Any CPU.Build.0 = Debug|Any CPU
		{DCC5DDD5-9F40-4EE7-98DF-44533CC3483D}.Release|Any CPU.ActiveCfg = Release|Any CPU
		{DCC5DDD5-9F40-4EE7-98DF-44533CC3483D}.Release|Any CPU.Build.0 = Release|Any CPU
		{7EF84EC1-7986-47D9-8443-D05BE33B4DFA}.Debug|Any CPU.ActiveCfg = Debug|Any CPU
		{7EF84EC1-7986-47D9-8443-D05BE33B4DFA}.Debug|Any CPU.Build.0 = Debug|Any CPU
		{7EF84EC1-7986-47D9-8443-D05BE33B4DFA}.Release|Any CPU.ActiveCfg = Release|Any CPU
		{7EF84EC1-7986-47D9-8443-D05BE33B4DFA}.Release|Any CPU.Build.0 = Release|Any CPU
		{3EA895B0-1110-452F-9203-DB5D94035E49}.Debug|Any CPU.ActiveCfg = Debug|Any CPU
		{3EA895B0-1110-452F-9203-DB5D94035E49}.Debug|Any CPU.Build.0 = Debug|Any CPU
		{3EA895B0-1110-452F-9203-DB5D94035E49}.Release|Any CPU.ActiveCfg = Release|Any CPU
		{3EA895B0-1110-452F-9203-DB5D94035E49}.Release|Any CPU.Build.0 = Release|Any CPU
		{6759C5C4-1E01-4ACF-B2D7-B1FD86F77E3A}.Debug|Any CPU.ActiveCfg = Debug|Any CPU
		{6759C5C4-1E01-4ACF-B2D7-B1FD86F77E3A}.Debug|Any CPU.Build.0 = Debug|Any CPU
		{6759C5C4-1E01-4ACF-B2D7-B1FD86F77E3A}.Release|Any CPU.ActiveCfg = Release|Any CPU
		{6759C5C4-1E01-4ACF-B2D7-B1FD86F77E3A}.Release|Any CPU.Build.0 = Release|Any CPU
		{0D916E3E-148F-4927-B403-D5451C5A5CDC}.Debug|Any CPU.ActiveCfg = Debug|Any CPU
		{0D916E3E-148F-4927-B403-D5451C5A5CDC}.Debug|Any CPU.Build.0 = Debug|Any CPU
		{0D916E3E-148F-4927-B403-D5451C5A5CDC}.Release|Any CPU.ActiveCfg = Release|Any CPU
		{0D916E3E-148F-4927-B403-D5451C5A5CDC}.Release|Any CPU.Build.0 = Release|Any CPU
	EndGlobalSection
	GlobalSection(SolutionProperties) = preSolution
		HideSolutionNode = FALSE
	EndGlobalSection
	GlobalSection(ExtensibilityGlobals) = postSolution
		SolutionGuid = {428CB7D5-C0C0-463D-BE53-D168B716B3D5}
	EndGlobalSection
EndGlobal
