
Microsoft Visual Studio Solution File, Format Version 12.00
# Visual Studio Version 17
VisualStudioVersion = 17.2.32526.322
MinimumVisualStudioVersion = 10.0.40219.1
Project("{9A19103F-16F7-4668-BE54-9A1E7A4F7556}") = "01. Furniture", "01. Furniture\01. Furniture.csproj", "{D1F8D46F-2C4C-4C6C-8CC8-99075226C834}"
EndProject
Project("{9A19103F-16F7-4668-BE54-9A1E7A4F7556}") = "02. Race", "02. Race\02. Race.csproj", "{E97E0258-8DBC-46D5-BE1D-E04883F15EDF}"
EndProject
Project("{9A19103F-16F7-4668-BE54-9A1E7A4F7556}") = "03. SoftUni Bar Income", "03. SoftUni Bar Income\03. SoftUni Bar Income.csproj", "{82A9E5DD-C8E8-4C1D-8ACA-E955754FA037}"
EndProject
Project("{9A19103F-16F7-4668-BE54-9A1E7A4F7556}") = "04. Star Enigma", "04. Star Enigma\04. Star Enigma.csproj", "{3D69D6B7-0E70-434B-B4A2-9F727F60FBDF}"
EndProject
Global
	GlobalSection(SolutionConfigurationPlatforms) = preSolution
		Debug|Any CPU = Debug|Any CPU
		Release|Any CPU = Release|Any CPU
	EndGlobalSection
	GlobalSection(ProjectConfigurationPlatforms) = postSolution
		{D1F8D46F-2C4C-4C6C-8CC8-99075226C834}.Debug|Any CPU.ActiveCfg = Debug|Any CPU
		{D1F8D46F-2C4C-4C6C-8CC8-99075226C834}.Debug|Any CPU.Build.0 = Debug|Any CPU
		{D1F8D46F-2C4C-4C6C-8CC8-99075226C834}.Release|Any CPU.ActiveCfg = Release|Any CPU
		{D1F8D46F-2C4C-4C6C-8CC8-99075226C834}.Release|Any CPU.Build.0 = Release|Any CPU
		{E97E0258-8DBC-46D5-BE1D-E04883F15EDF}.Debug|Any CPU.ActiveCfg = Debug|Any CPU
		{E97E0258-8DBC-46D5-BE1D-E04883F15EDF}.Debug|Any CPU.Build.0 = Debug|Any CPU
		{E97E0258-8DBC-46D5-BE1D-E04883F15EDF}.Release|Any CPU.ActiveCfg = Release|Any CPU
		{E97E0258-8DBC-46D5-BE1D-E04883F15EDF}.Release|Any CPU.Build.0 = Release|Any CPU
		{82A9E5DD-C8E8-4C1D-8ACA-E955754FA037}.Debug|Any CPU.ActiveCfg = Debug|Any CPU
		{82A9E5DD-C8E8-4C1D-8ACA-E955754FA037}.Debug|Any CPU.Build.0 = Debug|Any CPU
		{82A9E5DD-C8E8-4C1D-8ACA-E955754FA037}.Release|Any CPU.ActiveCfg = Release|Any CPU
		{82A9E5DD-C8E8-4C1D-8ACA-E955754FA037}.Release|Any CPU.Build.0 = Release|Any CPU
		{3D69D6B7-0E70-434B-B4A2-9F727F60FBDF}.Debug|Any CPU.ActiveCfg = Debug|Any CPU
		{3D69D6B7-0E70-434B-B4A2-9F727F60FBDF}.Debug|Any CPU.Build.0 = Debug|Any CPU
		{3D69D6B7-0E70-434B-B4A2-9F727F60FBDF}.Release|Any CPU.ActiveCfg = Release|Any CPU
		{3D69D6B7-0E70-434B-B4A2-9F727F60FBDF}.Release|Any CPU.Build.0 = Release|Any CPU
	EndGlobalSection
	GlobalSection(SolutionProperties) = preSolution
		HideSolutionNode = FALSE
	EndGlobalSection
	GlobalSection(ExtensibilityGlobals) = postSolution
		SolutionGuid = {F005B5FA-3081-4E09-8443-F8D512E72385}
	EndGlobalSection
EndGlobal
