
Microsoft Visual Studio Solution File, Format Version 12.00
# Visual Studio Version 17
VisualStudioVersion = 17.10.34707.107
MinimumVisualStudioVersion = 10.0.40219.1
Project("{FAE04EC0-301F-11D3-BF4B-00C04F79EFBC}") = "htmlToImageAndPDFConvertier", "htmlToImageAndPDFConvertier.csproj", "{94D410FA-6D63-4E9E-88A8-FB38720DFD8C}"
EndProject
Global
	GlobalSection(SolutionConfigurationPlatforms) = preSolution
		Debug|Any CPU = Debug|Any CPU
		Release|Any CPU = Release|Any CPU
	EndGlobalSection
	GlobalSection(ProjectConfigurationPlatforms) = postSolution
		{94D410FA-6D63-4E9E-88A8-FB38720DFD8C}.Debug|Any CPU.ActiveCfg = Debug|Any CPU
		{94D410FA-6D63-4E9E-88A8-FB38720DFD8C}.Debug|Any CPU.Build.0 = Debug|Any CPU
		{94D410FA-6D63-4E9E-88A8-FB38720DFD8C}.Release|Any CPU.ActiveCfg = Release|Any CPU
		{94D410FA-6D63-4E9E-88A8-FB38720DFD8C}.Release|Any CPU.Build.0 = Release|Any CPU
	EndGlobalSection
	GlobalSection(SolutionProperties) = preSolution
		HideSolutionNode = FALSE
	EndGlobalSection
	GlobalSection(ExtensibilityGlobals) = postSolution
		SolutionGuid = {5657ECBF-47C2-4420-8350-119C33B54868}
	EndGlobalSection
EndGlobal
