
Microsoft Visual Studio Solution File, Format Version 12.00
# Visual Studio Version 17
VisualStudioVersion = 17.2.32526.322
MinimumVisualStudioVersion = 10.0.40219.1
Project("{FAE04EC0-301F-11D3-BF4B-00C04F79EFBC}") = "01. Match Full Name", "01. Match Full Name\01. Match Full Name.csproj", "{BC5694CB-E646-43B3-B11C-6D4667B69A94}"
EndProject
Project("{FAE04EC0-301F-11D3-BF4B-00C04F79EFBC}") = "02. Match Phone Number", "02. Match Phone Number\02. Match Phone Number.csproj", "{938FD40B-CE19-4327-A92F-ED1DCB65A0AF}"
EndProject
Global
	GlobalSection(SolutionConfigurationPlatforms) = preSolution
		Debug|Any CPU = Debug|Any CPU
		Release|Any CPU = Release|Any CPU
	EndGlobalSection
	GlobalSection(ProjectConfigurationPlatforms) = postSolution
		{BC5694CB-E646-43B3-B11C-6D4667B69A94}.Debug|Any CPU.ActiveCfg = Debug|Any CPU
		{BC5694CB-E646-43B3-B11C-6D4667B69A94}.Debug|Any CPU.Build.0 = Debug|Any CPU
		{BC5694CB-E646-43B3-B11C-6D4667B69A94}.Release|Any CPU.ActiveCfg = Release|Any CPU
		{BC5694CB-E646-43B3-B11C-6D4667B69A94}.Release|Any CPU.Build.0 = Release|Any CPU
		{938FD40B-CE19-4327-A92F-ED1DCB65A0AF}.Debug|Any CPU.ActiveCfg = Debug|Any CPU
		{938FD40B-CE19-4327-A92F-ED1DCB65A0AF}.Debug|Any CPU.Build.0 = Debug|Any CPU
		{938FD40B-CE19-4327-A92F-ED1DCB65A0AF}.Release|Any CPU.ActiveCfg = Release|Any CPU
		{938FD40B-CE19-4327-A92F-ED1DCB65A0AF}.Release|Any CPU.Build.0 = Release|Any CPU
	EndGlobalSection
	GlobalSection(SolutionProperties) = preSolution
		HideSolutionNode = FALSE
	EndGlobalSection
	GlobalSection(ExtensibilityGlobals) = postSolution
		SolutionGuid = {277BE431-7AEC-400F-9719-11162AF136A6}
	EndGlobalSection
EndGlobal
