
Microsoft Visual Studio Solution File, Format Version 12.00
# Visual Studio Version 16
VisualStudioVersion = 16.0.32126.315
MinimumVisualStudioVersion = 10.0.40219.1
Project("{9A19103F-16F7-4668-BE54-9A1E7A4F7556}") = "Задача 1. PC Store", "Задача 1. PC Store\Задача 1. PC Store.csproj", "{E56BAA86-690E-49EC-B23F-56D62C226937}"
EndProject
Project("{9A19103F-16F7-4668-BE54-9A1E7A4F7556}") = "02. Football Kit", "02. Football Kit\02. Football Kit.csproj", "{855E3CD4-2940-4160-8F6B-F3976E806FDB}"
EndProject
Project("{9A19103F-16F7-4668-BE54-9A1E7A4F7556}") = "03. Excursion Calculator", "03. Excursion Calculator\03. Excursion Calculator.csproj", "{821FCBE8-BD3E-409B-9EA0-07A8A5AC1112}"
EndProject
Project("{9A19103F-16F7-4668-BE54-9A1E7A4F7556}") = "04. Workout", "04. Workout\04. Workout.csproj", "{4082A8CB-FA95-4A6E-9333-5086F37C9FB6}"
EndProject
Project("{FAE04EC0-301F-11D3-BF4B-00C04F79EFBC}") = "05. Hair Salon", "05. Hair Salon\05. Hair Salon.csproj", "{A4B2BC2F-9FAA-4D7B-9834-55D3F5B4E9D6}"
EndProject
Project("{FAE04EC0-301F-11D3-BF4B-00C04F79EFBC}") = "06. Unique PIN Codes", "06. Unique PIN Codes\06. Unique PIN Codes.csproj", "{809D29B5-DDE9-4563-98AE-3A0E0CA79BFC}"
EndProject
Global
	GlobalSection(SolutionConfigurationPlatforms) = preSolution
		Debug|Any CPU = Debug|Any CPU
		Release|Any CPU = Release|Any CPU
	EndGlobalSection
	GlobalSection(ProjectConfigurationPlatforms) = postSolution
		{E56BAA86-690E-49EC-B23F-56D62C226937}.Debug|Any CPU.ActiveCfg = Debug|Any CPU
		{E56BAA86-690E-49EC-B23F-56D62C226937}.Debug|Any CPU.Build.0 = Debug|Any CPU
		{E56BAA86-690E-49EC-B23F-56D62C226937}.Release|Any CPU.ActiveCfg = Release|Any CPU
		{E56BAA86-690E-49EC-B23F-56D62C226937}.Release|Any CPU.Build.0 = Release|Any CPU
		{855E3CD4-2940-4160-8F6B-F3976E806FDB}.Debug|Any CPU.ActiveCfg = Debug|Any CPU
		{855E3CD4-2940-4160-8F6B-F3976E806FDB}.Debug|Any CPU.Build.0 = Debug|Any CPU
		{855E3CD4-2940-4160-8F6B-F3976E806FDB}.Release|Any CPU.ActiveCfg = Release|Any CPU
		{855E3CD4-2940-4160-8F6B-F3976E806FDB}.Release|Any CPU.Build.0 = Release|Any CPU
		{821FCBE8-BD3E-409B-9EA0-07A8A5AC1112}.Debug|Any CPU.ActiveCfg = Debug|Any CPU
		{821FCBE8-BD3E-409B-9EA0-07A8A5AC1112}.Debug|Any CPU.Build.0 = Debug|Any CPU
		{821FCBE8-BD3E-409B-9EA0-07A8A5AC1112}.Release|Any CPU.ActiveCfg = Release|Any CPU
		{821FCBE8-BD3E-409B-9EA0-07A8A5AC1112}.Release|Any CPU.Build.0 = Release|Any CPU
		{4082A8CB-FA95-4A6E-9333-5086F37C9FB6}.Debug|Any CPU.ActiveCfg = Debug|Any CPU
		{4082A8CB-FA95-4A6E-9333-5086F37C9FB6}.Debug|Any CPU.Build.0 = Debug|Any CPU
		{4082A8CB-FA95-4A6E-9333-5086F37C9FB6}.Release|Any CPU.ActiveCfg = Release|Any CPU
		{4082A8CB-FA95-4A6E-9333-5086F37C9FB6}.Release|Any CPU.Build.0 = Release|Any CPU
		{A4B2BC2F-9FAA-4D7B-9834-55D3F5B4E9D6}.Debug|Any CPU.ActiveCfg = Debug|Any CPU
		{A4B2BC2F-9FAA-4D7B-9834-55D3F5B4E9D6}.Debug|Any CPU.Build.0 = Debug|Any CPU
		{A4B2BC2F-9FAA-4D7B-9834-55D3F5B4E9D6}.Release|Any CPU.ActiveCfg = Release|Any CPU
		{A4B2BC2F-9FAA-4D7B-9834-55D3F5B4E9D6}.Release|Any CPU.Build.0 = Release|Any CPU
		{809D29B5-DDE9-4563-98AE-3A0E0CA79BFC}.Debug|Any CPU.ActiveCfg = Debug|Any CPU
		{809D29B5-DDE9-4563-98AE-3A0E0CA79BFC}.Debug|Any CPU.Build.0 = Debug|Any CPU
		{809D29B5-DDE9-4563-98AE-3A0E0CA79BFC}.Release|Any CPU.ActiveCfg = Release|Any CPU
		{809D29B5-DDE9-4563-98AE-3A0E0CA79BFC}.Release|Any CPU.Build.0 = Release|Any CPU
	EndGlobalSection
	GlobalSection(SolutionProperties) = preSolution
		HideSolutionNode = FALSE
	EndGlobalSection
	GlobalSection(ExtensibilityGlobals) = postSolution
		SolutionGuid = {D9D80667-5551-4C48-8A58-DE1B554AC678}
	EndGlobalSection
EndGlobal
