
Microsoft Visual Studio Solution File, Format Version 12.00
# Visual Studio Version 17
VisualStudioVersion = 17.3.32825.248
MinimumVisualStudioVersion = 10.0.40219.1
Project("{9A19103F-16F7-4668-BE54-9A1E7A4F7556}") = "01.SingleInheritance", "01.SingleInheritance\01.SingleInheritance.csproj", "{A79DA0B9-1271-46F9-B5AF-7D8AA955B96B}"
EndProject
Project("{9A19103F-16F7-4668-BE54-9A1E7A4F7556}") = "02.MultipleInheritance", "02.MultipleInheritance\02.MultipleInheritance.csproj", "{B866E575-6C0B-472D-BDE5-5576EBC1DDB4}"
EndProject
Project("{9A19103F-16F7-4668-BE54-9A1E7A4F7556}") = "03.HierarchicalInheritance", "03.HierarchicalInheritance\03.HierarchicalInheritance.csproj", "{F8C14876-9129-47A6-AB43-E3B2A2ECD6A8}"
EndProject
Project("{FAE04EC0-301F-11D3-BF4B-00C04F79EFBC}") = "04.RandomList", "04.RandomList\04.RandomList.csproj", "{40191161-4A2E-4EFB-83CF-E676AF64E5FB}"
EndProject
Project("{FAE04EC0-301F-11D3-BF4B-00C04F79EFBC}") = "05.StackOfStrings", "05.StackOfStrings\05.StackOfStrings.csproj", "{02C4D812-B08D-4759-9DD2-1727459DC158}"
EndProject
Global
	GlobalSection(SolutionConfigurationPlatforms) = preSolution
		Debug|Any CPU = Debug|Any CPU
		Release|Any CPU = Release|Any CPU
	EndGlobalSection
	GlobalSection(ProjectConfigurationPlatforms) = postSolution
		{A79DA0B9-1271-46F9-B5AF-7D8AA955B96B}.Debug|Any CPU.ActiveCfg = Debug|Any CPU
		{A79DA0B9-1271-46F9-B5AF-7D8AA955B96B}.Debug|Any CPU.Build.0 = Debug|Any CPU
		{A79DA0B9-1271-46F9-B5AF-7D8AA955B96B}.Release|Any CPU.ActiveCfg = Release|Any CPU
		{A79DA0B9-1271-46F9-B5AF-7D8AA955B96B}.Release|Any CPU.Build.0 = Release|Any CPU
		{B866E575-6C0B-472D-BDE5-5576EBC1DDB4}.Debug|Any CPU.ActiveCfg = Debug|Any CPU
		{B866E575-6C0B-472D-BDE5-5576EBC1DDB4}.Debug|Any CPU.Build.0 = Debug|Any CPU
		{B866E575-6C0B-472D-BDE5-5576EBC1DDB4}.Release|Any CPU.ActiveCfg = Release|Any CPU
		{B866E575-6C0B-472D-BDE5-5576EBC1DDB4}.Release|Any CPU.Build.0 = Release|Any CPU
		{F8C14876-9129-47A6-AB43-E3B2A2ECD6A8}.Debug|Any CPU.ActiveCfg = Debug|Any CPU
		{F8C14876-9129-47A6-AB43-E3B2A2ECD6A8}.Debug|Any CPU.Build.0 = Debug|Any CPU
		{F8C14876-9129-47A6-AB43-E3B2A2ECD6A8}.Release|Any CPU.ActiveCfg = Release|Any CPU
		{F8C14876-9129-47A6-AB43-E3B2A2ECD6A8}.Release|Any CPU.Build.0 = Release|Any CPU
		{40191161-4A2E-4EFB-83CF-E676AF64E5FB}.Debug|Any CPU.ActiveCfg = Debug|Any CPU
		{40191161-4A2E-4EFB-83CF-E676AF64E5FB}.Debug|Any CPU.Build.0 = Debug|Any CPU
		{40191161-4A2E-4EFB-83CF-E676AF64E5FB}.Release|Any CPU.ActiveCfg = Release|Any CPU
		{40191161-4A2E-4EFB-83CF-E676AF64E5FB}.Release|Any CPU.Build.0 = Release|Any CPU
		{02C4D812-B08D-4759-9DD2-1727459DC158}.Debug|Any CPU.ActiveCfg = Debug|Any CPU
		{02C4D812-B08D-4759-9DD2-1727459DC158}.Debug|Any CPU.Build.0 = Debug|Any CPU
		{02C4D812-B08D-4759-9DD2-1727459DC158}.Release|Any CPU.ActiveCfg = Release|Any CPU
		{02C4D812-B08D-4759-9DD2-1727459DC158}.Release|Any CPU.Build.0 = Release|Any CPU
	EndGlobalSection
	GlobalSection(SolutionProperties) = preSolution
		HideSolutionNode = FALSE
	EndGlobalSection
	GlobalSection(ExtensibilityGlobals) = postSolution
		SolutionGuid = {A0599FA7-7F81-497D-BF9B-72248B638DCC}
	EndGlobalSection
EndGlobal
