
Microsoft Visual Studio Solution File, Format Version 12.00
# Visual Studio Version 17
VisualStudioVersion = 17.3.32825.248
MinimumVisualStudioVersion = 10.0.40219.1
Project("{9A19103F-16F7-4668-BE54-9A1E7A4F7556}") = "02. Help-A-Mole", "02. Help-A-Mole\02. Help-A-Mole.csproj", "{071C762A-72B1-4B4B-9A03-D8B82805FC79}"
EndProject
Project("{9A19103F-16F7-4668-BE54-9A1E7A4F7556}") = "01. Barista Contest", "01. Barista Contest\01. Barista Contest.csproj", "{4027CCBB-1203-463D-B83C-10DC14E0198C}"
EndProject
Project("{9A19103F-16F7-4668-BE54-9A1E7A4F7556}") = "02. Wall Destroyer", "02. Wall Destroyer\02. Wall Destroyer.csproj", "{A8F222D5-80DC-4EED-A7D7-B6ABDE4BA38D}"
EndProject
Project("{FAE04EC0-301F-11D3-BF4B-00C04F79EFBC}") = "01. Tiles Master", "01. Tiles Master\01. Tiles Master.csproj", "{7B87F9EE-EAD9-4B95-AAEA-50EC8EB0D29C}"
EndProject
Global
	GlobalSection(SolutionConfigurationPlatforms) = preSolution
		Debug|Any CPU = Debug|Any CPU
		Release|Any CPU = Release|Any CPU
	EndGlobalSection
	GlobalSection(ProjectConfigurationPlatforms) = postSolution
		{071C762A-72B1-4B4B-9A03-D8B82805FC79}.Debug|Any CPU.ActiveCfg = Debug|Any CPU
		{071C762A-72B1-4B4B-9A03-D8B82805FC79}.Debug|Any CPU.Build.0 = Debug|Any CPU
		{071C762A-72B1-4B4B-9A03-D8B82805FC79}.Release|Any CPU.ActiveCfg = Release|Any CPU
		{071C762A-72B1-4B4B-9A03-D8B82805FC79}.Release|Any CPU.Build.0 = Release|Any CPU
		{4027CCBB-1203-463D-B83C-10DC14E0198C}.Debug|Any CPU.ActiveCfg = Debug|Any CPU
		{4027CCBB-1203-463D-B83C-10DC14E0198C}.Debug|Any CPU.Build.0 = Debug|Any CPU
		{4027CCBB-1203-463D-B83C-10DC14E0198C}.Release|Any CPU.ActiveCfg = Release|Any CPU
		{4027CCBB-1203-463D-B83C-10DC14E0198C}.Release|Any CPU.Build.0 = Release|Any CPU
		{A8F222D5-80DC-4EED-A7D7-B6ABDE4BA38D}.Debug|Any CPU.ActiveCfg = Debug|Any CPU
		{A8F222D5-80DC-4EED-A7D7-B6ABDE4BA38D}.Debug|Any CPU.Build.0 = Debug|Any CPU
		{A8F222D5-80DC-4EED-A7D7-B6ABDE4BA38D}.Release|Any CPU.ActiveCfg = Release|Any CPU
		{A8F222D5-80DC-4EED-A7D7-B6ABDE4BA38D}.Release|Any CPU.Build.0 = Release|Any CPU
		{7B87F9EE-EAD9-4B95-AAEA-50EC8EB0D29C}.Debug|Any CPU.ActiveCfg = Debug|Any CPU
		{7B87F9EE-EAD9-4B95-AAEA-50EC8EB0D29C}.Debug|Any CPU.Build.0 = Debug|Any CPU
		{7B87F9EE-EAD9-4B95-AAEA-50EC8EB0D29C}.Release|Any CPU.ActiveCfg = Release|Any CPU
		{7B87F9EE-EAD9-4B95-AAEA-50EC8EB0D29C}.Release|Any CPU.Build.0 = Release|Any CPU
	EndGlobalSection
	GlobalSection(SolutionProperties) = preSolution
		HideSolutionNode = FALSE
	EndGlobalSection
	GlobalSection(ExtensibilityGlobals) = postSolution
		SolutionGuid = {F2924C17-5A2D-47B6-AFEE-3911322BF9EA}
	EndGlobalSection
EndGlobal
