
Microsoft Visual Studio Solution File, Format Version 12.00
# Visual Studio Version 16
VisualStudioVersion = 16.0.30907.101
MinimumVisualStudioVersion = 10.0.40219.1
Project("{FAE04EC0-301F-11D3-BF4B-00C04F79EFBC}") = "T01.HelloWorld", "T01.HelloWorld\T01.HelloWorld.csproj", "{52C76773-01D1-43BA-86B2-B68BA54BF4DE}"
EndProject
Global
	GlobalSection(SolutionConfigurationPlatforms) = preSolution
		Debug|Any CPU = Debug|Any CPU
		Release|Any CPU = Release|Any CPU
	EndGlobalSection
	GlobalSection(ProjectConfigurationPlatforms) = postSolution
		{52C76773-01D1-43BA-86B2-B68BA54BF4DE}.Debug|Any CPU.ActiveCfg = Debug|Any CPU
		{52C76773-01D1-43BA-86B2-B68BA54BF4DE}.Debug|Any CPU.Build.0 = Debug|Any CPU
		{52C76773-01D1-43BA-86B2-B68BA54BF4DE}.Release|Any CPU.ActiveCfg = Release|Any CPU
		{52C76773-01D1-43BA-86B2-B68BA54BF4DE}.Release|Any CPU.Build.0 = Release|Any CPU
	EndGlobalSection
	GlobalSection(SolutionProperties) = preSolution
		HideSolutionNode = FALSE
	EndGlobalSection
	GlobalSection(ExtensibilityGlobals) = postSolution
		SolutionGuid = {0043FA74-B724-4FB9-962C-0F971C9742E4}
	EndGlobalSection
EndGlobal
