
Microsoft Visual Studio Solution File, Format Version 12.00
# Visual Studio Version 17
VisualStudioVersion = 17.3.32825.248
MinimumVisualStudioVersion = 10.0.40219.1
Project("{FAE04EC0-301F-11D3-BF4B-00C04F79EFBC}") = "Shapes", "Shapes\Shapes.csproj", "{C45056BA-1334-4518-ACBC-4157D01E5E61}"
EndProject
Project("{FAE04EC0-301F-11D3-BF4B-00C04F79EFBC}") = "Cars", "Cars\Cars.csproj", "{0135C904-320C-43B1-9C2B-A0CB8AF06FE3}"
EndProject
Global
	GlobalSection(SolutionConfigurationPlatforms) = preSolution
		Debug|Any CPU = Debug|Any CPU
		Release|Any CPU = Release|Any CPU
	EndGlobalSection
	GlobalSection(ProjectConfigurationPlatforms) = postSolution
		{C45056BA-1334-4518-ACBC-4157D01E5E61}.Debug|Any CPU.ActiveCfg = Debug|Any CPU
		{C45056BA-1334-4518-ACBC-4157D01E5E61}.Debug|Any CPU.Build.0 = Debug|Any CPU
		{C45056BA-1334-4518-ACBC-4157D01E5E61}.Release|Any CPU.ActiveCfg = Release|Any CPU
		{C45056BA-1334-4518-ACBC-4157D01E5E61}.Release|Any CPU.Build.0 = Release|Any CPU
		{0135C904-320C-43B1-9C2B-A0CB8AF06FE3}.Debug|Any CPU.ActiveCfg = Debug|Any CPU
		{0135C904-320C-43B1-9C2B-A0CB8AF06FE3}.Debug|Any CPU.Build.0 = Debug|Any CPU
		{0135C904-320C-43B1-9C2B-A0CB8AF06FE3}.Release|Any CPU.ActiveCfg = Release|Any CPU
		{0135C904-320C-43B1-9C2B-A0CB8AF06FE3}.Release|Any CPU.Build.0 = Release|Any CPU
	EndGlobalSection
	GlobalSection(SolutionProperties) = preSolution
		HideSolutionNode = FALSE
	EndGlobalSection
	GlobalSection(ExtensibilityGlobals) = postSolution
		SolutionGuid = {2CBA1D5D-4295-49CB-9549-319AF12D3C68}
	EndGlobalSection
EndGlobal
