
Microsoft Visual Studio Solution File, Format Version 12.00
# Visual Studio Version 17
VisualStudioVersion = 17.8.34302.71
MinimumVisualStudioVersion = 10.0.40219.1
Project("{FAE04EC0-301F-11D3-BF4B-00C04F79EFBC}") = "malko", "malko\malko.csproj", "{177D6590-C470-4F6D-A97F-3042B9171BF0}"
EndProject
Global
	GlobalSection(SolutionConfigurationPlatforms) = preSolution
		Debug|Any CPU = Debug|Any CPU
		Release|Any CPU = Release|Any CPU
	EndGlobalSection
	GlobalSection(ProjectConfigurationPlatforms) = postSolution
		{177D6590-C470-4F6D-A97F-3042B9171BF0}.Debug|Any CPU.ActiveCfg = Debug|Any CPU
		{177D6590-C470-4F6D-A97F-3042B9171BF0}.Debug|Any CPU.Build.0 = Debug|Any CPU
		{177D6590-C470-4F6D-A97F-3042B9171BF0}.Release|Any CPU.ActiveCfg = Release|Any CPU
		{177D6590-C470-4F6D-A97F-3042B9171BF0}.Release|Any CPU.Build.0 = Release|Any CPU
	EndGlobalSection
	GlobalSection(SolutionProperties) = preSolution
		HideSolutionNode = FALSE
	EndGlobalSection
	GlobalSection(ExtensibilityGlobals) = postSolution
		SolutionGuid = {4AA1DD6F-88DE-4346-9AA1-63CBAA22A330}
	EndGlobalSection
EndGlobal
